
Microsoft Visual Studio Solution File, Format Version 12.00
# Visual Studio 15
VisualStudioVersion = 15.0.28307.329
MinimumVisualStudioVersion = 10.0.40219.1
Project("{FAE04EC0-301F-11D3-BF4B-00C04F79EFBC}") = "FloresOlderr_Assignment2", "FloresOlderr_Assignment2\FloresOlderr_Assignment2.csproj", "{CC95E680-9966-4FF0-8F56-464A698ED43D}"
EndProject
Global
	GlobalSection(SolutionConfigurationPlatforms) = preSolution
		Debug|Any CPU = Debug|Any CPU
		Release|Any CPU = Release|Any CPU
	EndGlobalSection
	GlobalSection(ProjectConfigurationPlatforms) = postSolution
		{CC95E680-9966-4FF0-8F56-464A698ED43D}.Debug|Any CPU.ActiveCfg = Debug|Any CPU
		{CC95E680-9966-4FF0-8F56-464A698ED43D}.Debug|Any CPU.Build.0 = Debug|Any CPU
		{CC95E680-9966-4FF0-8F56-464A698ED43D}.Release|Any CPU.ActiveCfg = Release|Any CPU
		{CC95E680-9966-4FF0-8F56-464A698ED43D}.Release|Any CPU.Build.0 = Release|Any CPU
	EndGlobalSection
	GlobalSection(SolutionProperties) = preSolution
		HideSolutionNode = FALSE
	EndGlobalSection
	GlobalSection(ExtensibilityGlobals) = postSolution
		SolutionGuid = {0E5D6B02-81F8-4B94-AEE6-5D5F288E16BD}
	EndGlobalSection
EndGlobal
